
Microsoft Visual Studio Solution File, Format Version 12.00
# Visual Studio 15
Project("{FAE04EC0-301F-11D3-BF4B-00C04F79EFBC}") = "404Crawler", "404Crawler\404Crawler.csproj", "{425E89CE-1A4B-4334-87F7-5344C064D605}"
EndProject
Project("{FAE04EC0-301F-11D3-BF4B-00C04F79EFBC}") = "404CrawlerTests", "404CrawlerTests\404CrawlerTests.csproj", "{2FC9AB13-701B-4DDC-B837-A681E4A83FF7}"
EndProject
Global
	GlobalSection(SolutionConfigurationPlatforms) = preSolution
		Debug|Any CPU = Debug|Any CPU
		Release|Any CPU = Release|Any CPU
	EndGlobalSection
	GlobalSection(ProjectConfigurationPlatforms) = postSolution
		{425E89CE-1A4B-4334-87F7-5344C064D605}.Debug|Any CPU.ActiveCfg = Debug|Any CPU
		{425E89CE-1A4B-4334-87F7-5344C064D605}.Debug|Any CPU.Build.0 = Debug|Any CPU
		{425E89CE-1A4B-4334-87F7-5344C064D605}.Release|Any CPU.ActiveCfg = Release|Any CPU
		{425E89CE-1A4B-4334-87F7-5344C064D605}.Release|Any CPU.Build.0 = Release|Any CPU
		{2FC9AB13-701B-4DDC-B837-A681E4A83FF7}.Debug|Any CPU.ActiveCfg = Debug|Any CPU
		{2FC9AB13-701B-4DDC-B837-A681E4A83FF7}.Debug|Any CPU.Build.0 = Debug|Any CPU
		{2FC9AB13-701B-4DDC-B837-A681E4A83FF7}.Release|Any CPU.ActiveCfg = Release|Any CPU
		{2FC9AB13-701B-4DDC-B837-A681E4A83FF7}.Release|Any CPU.Build.0 = Release|Any CPU
	EndGlobalSection
EndGlobal
